
Microsoft Visual Studio Solution File, Format Version 12.00
# Visual Studio Version 17
VisualStudioVersion = 17.7.34221.43
MinimumVisualStudioVersion = 10.0.40219.1
Project("{FAE04EC0-301F-11D3-BF4B-00C04F79EFBC}") = "ClienteNETS", "ClienteNETS\ClienteNETS.csproj", "{583875F0-3975-4330-B8D9-D0D5B4FE8419}"
EndProject
Global
	GlobalSection(SolutionConfigurationPlatforms) = preSolution
		Debug|Any CPU = Debug|Any CPU
		Release|Any CPU = Release|Any CPU
	EndGlobalSection
	GlobalSection(ProjectConfigurationPlatforms) = postSolution
		{583875F0-3975-4330-B8D9-D0D5B4FE8419}.Debug|Any CPU.ActiveCfg = Debug|Any CPU
		{583875F0-3975-4330-B8D9-D0D5B4FE8419}.Debug|Any CPU.Build.0 = Debug|Any CPU
		{583875F0-3975-4330-B8D9-D0D5B4FE8419}.Release|Any CPU.ActiveCfg = Release|Any CPU
		{583875F0-3975-4330-B8D9-D0D5B4FE8419}.Release|Any CPU.Build.0 = Release|Any CPU
	EndGlobalSection
	GlobalSection(SolutionProperties) = preSolution
		HideSolutionNode = FALSE
	EndGlobalSection
	GlobalSection(ExtensibilityGlobals) = postSolution
		SolutionGuid = {7698207E-2796-471D-B64E-FC142BED0188}
	EndGlobalSection
EndGlobal
